
Microsoft Visual Studio Solution File, Format Version 12.00
# Visual Studio Express 2012 for Windows Desktop
Project("{FAE04EC0-301F-11D3-BF4B-00C04F79EFBC}") = "Crypt_1", "Crypt_1\Crypt_1.csproj", "{B93A9BAE-C0E1-408B-B4F9-9167E8971798}"
EndProject
Global
	GlobalSection(SolutionConfigurationPlatforms) = preSolution
		Debug|Any CPU = Debug|Any CPU
		Release|Any CPU = Release|Any CPU
	EndGlobalSection
	GlobalSection(ProjectConfigurationPlatforms) = postSolution
		{B93A9BAE-C0E1-408B-B4F9-9167E8971798}.Debug|Any CPU.ActiveCfg = Debug|Any CPU
		{B93A9BAE-C0E1-408B-B4F9-9167E8971798}.Debug|Any CPU.Build.0 = Debug|Any CPU
		{B93A9BAE-C0E1-408B-B4F9-9167E8971798}.Release|Any CPU.ActiveCfg = Release|Any CPU
		{B93A9BAE-C0E1-408B-B4F9-9167E8971798}.Release|Any CPU.Build.0 = Release|Any CPU
	EndGlobalSection
	GlobalSection(SolutionProperties) = preSolution
		HideSolutionNode = FALSE
	EndGlobalSection
EndGlobal
